
Microsoft Visual Studio Solution File, Format Version 12.00
# Visual Studio 2012
Project("{FAE04EC0-301F-11D3-BF4B-00C04F79EFBC}") = "SuperSimpleApplication", "SuperSimpleApplication\SuperSimpleApplication.csproj", "{8F109FA7-05C6-4760-87BD-BD52E70D5D47}"
EndProject
Project("{FAE04EC0-301F-11D3-BF4B-00C04F79EFBC}") = "SuperSimpleService", "SuperSimpleService\SuperSimpleService.csproj", "{9AAB1D8C-1D82-4AA8-9DA6-67B9C95B3B63}"
EndProject
Global
	GlobalSection(SolutionConfigurationPlatforms) = preSolution
		Debug|Any CPU = Debug|Any CPU
		Release|Any CPU = Release|Any CPU
	EndGlobalSection
	GlobalSection(ProjectConfigurationPlatforms) = postSolution
		{8F109FA7-05C6-4760-87BD-BD52E70D5D47}.Debug|Any CPU.ActiveCfg = Debug|Any CPU
		{8F109FA7-05C6-4760-87BD-BD52E70D5D47}.Debug|Any CPU.Build.0 = Debug|Any CPU
		{8F109FA7-05C6-4760-87BD-BD52E70D5D47}.Release|Any CPU.ActiveCfg = Release|Any CPU
		{8F109FA7-05C6-4760-87BD-BD52E70D5D47}.Release|Any CPU.Build.0 = Release|Any CPU
		{9AAB1D8C-1D82-4AA8-9DA6-67B9C95B3B63}.Debug|Any CPU.ActiveCfg = Debug|Any CPU
		{9AAB1D8C-1D82-4AA8-9DA6-67B9C95B3B63}.Debug|Any CPU.Build.0 = Debug|Any CPU
		{9AAB1D8C-1D82-4AA8-9DA6-67B9C95B3B63}.Release|Any CPU.ActiveCfg = Release|Any CPU
		{9AAB1D8C-1D82-4AA8-9DA6-67B9C95B3B63}.Release|Any CPU.Build.0 = Release|Any CPU
	EndGlobalSection
	GlobalSection(SolutionProperties) = preSolution
		HideSolutionNode = FALSE
	EndGlobalSection
EndGlobal
